
Microsoft Visual Studio Solution File, Format Version 12.00
# Visual Studio Version 16
VisualStudioVersion = 16.0.30104.148
MinimumVisualStudioVersion = 10.0.40219.1
Project("{9A19103F-16F7-4668-BE54-9A1E7A4F7556}") = "Corporate Performance", "Corporate Performance\Corporate Performance.csproj", "{34CBFE7D-FCC8-4F57-8372-4F18F1A6655D}"
EndProject
Project("{FAE04EC0-301F-11D3-BF4B-00C04F79EFBC}") = "Developer", "Developer\Developer.csproj", "{465B368F-351B-407A-B822-C9A8EA152E29}"
EndProject
Global
	GlobalSection(SolutionConfigurationPlatforms) = preSolution
		Debug|Any CPU = Debug|Any CPU
		Release|Any CPU = Release|Any CPU
	EndGlobalSection
	GlobalSection(ProjectConfigurationPlatforms) = postSolution
		{34CBFE7D-FCC8-4F57-8372-4F18F1A6655D}.Debug|Any CPU.ActiveCfg = Debug|Any CPU
		{34CBFE7D-FCC8-4F57-8372-4F18F1A6655D}.Debug|Any CPU.Build.0 = Debug|Any CPU
		{34CBFE7D-FCC8-4F57-8372-4F18F1A6655D}.Release|Any CPU.ActiveCfg = Release|Any CPU
		{34CBFE7D-FCC8-4F57-8372-4F18F1A6655D}.Release|Any CPU.Build.0 = Release|Any CPU
		{465B368F-351B-407A-B822-C9A8EA152E29}.Debug|Any CPU.ActiveCfg = Debug|Any CPU
		{465B368F-351B-407A-B822-C9A8EA152E29}.Debug|Any CPU.Build.0 = Debug|Any CPU
		{465B368F-351B-407A-B822-C9A8EA152E29}.Release|Any CPU.ActiveCfg = Release|Any CPU
		{465B368F-351B-407A-B822-C9A8EA152E29}.Release|Any CPU.Build.0 = Release|Any CPU
	EndGlobalSection
	GlobalSection(SolutionProperties) = preSolution
		HideSolutionNode = FALSE
	EndGlobalSection
	GlobalSection(ExtensibilityGlobals) = postSolution
		SolutionGuid = {59DFF64D-DD7B-40F8-BA1D-FF2FB3A3AA9E}
	EndGlobalSection
EndGlobal
